
Microsoft Visual Studio Solution File, Format Version 12.00
# Visual Studio 2013
VisualStudioVersion = 12.0.31101.0
MinimumVisualStudioVersion = 10.0.40219.1
Project("{FAE04EC0-301F-11D3-BF4B-00C04F79EFBC}") = "Library1", "ClassLibrary1\Library1.csproj", "{3D0872AC-6695-476A-8A0F-115AEEA1DF54}"
EndProject
Project("{E24C65DC-7377-472B-9ABA-BC803B73C61A}") = "ASP.net1", "ASP.net1\", "{52324ED1-EB98-4F99-AA09-D3483EEF4ED1}"
	ProjectSection(WebsiteProperties) = preProject
		TargetFrameworkMoniker = ".NETFramework,Version%3Dv3.5"
		ProjectReferences = "{3D0872AC-6695-476A-8A0F-115AEEA1DF54}|ClassLibrary1.dll;"
		Debug.AspNetCompiler.VirtualPath = "/ASP.net1"
		Debug.AspNetCompiler.PhysicalPath = "ASP.net1\"
		Debug.AspNetCompiler.TargetPath = "PrecompiledWeb\ASP.net1\"
		Debug.AspNetCompiler.Updateable = "true"
		Debug.AspNetCompiler.ForceOverwrite = "true"
		Debug.AspNetCompiler.FixedNames = "false"
		Debug.AspNetCompiler.Debug = "True"
		Release.AspNetCompiler.VirtualPath = "/ASP.net1"
		Release.AspNetCompiler.PhysicalPath = "ASP.net1\"
		Release.AspNetCompiler.TargetPath = "PrecompiledWeb\ASP.net1\"
		Release.AspNetCompiler.Updateable = "true"
		Release.AspNetCompiler.ForceOverwrite = "true"
		Release.AspNetCompiler.FixedNames = "false"
		Release.AspNetCompiler.Debug = "False"
		VWDPort = "39935"
		SlnRelativePath = "ASP.net1\"
	EndProjectSection
EndProject
Project("{2150E333-8FDC-42A3-9474-1A3956D46DE8}") = "Modelagem", "Modelagem", "{364DC529-EF07-43D2-8FE7-DE91E6F5FB46}"
	ProjectSection(SolutionItems) = preProject
		MODELAGEM\Modelagem\Modelagem SistemaReservas.erwin = MODELAGEM\Modelagem\Modelagem SistemaReservas.erwin
		MODELAGEM\Modelagem\Modelagem SistemaReservas.png = MODELAGEM\Modelagem\Modelagem SistemaReservas.png
		MODELAGEM\Modelagem\Script_DDL.sql = MODELAGEM\Modelagem\Script_DDL.sql
		MODELAGEM\Modelagem\Script_DML.sql = MODELAGEM\Modelagem\Script_DML.sql
		MODELAGEM\Modelagem\Script_Indices.sql = MODELAGEM\Modelagem\Script_Indices.sql
	EndProjectSection
EndProject
Project("{2150E333-8FDC-42A3-9474-1A3956D46DE8}") = "Material de Suporte", "Material de Suporte", "{9A77FF7F-FE9D-4650-9824-22CD999291A3}"
	ProjectSection(SolutionItems) = preProject
		Material de Suporte\Referencias.txt = Material de Suporte\Referencias.txt
	EndProjectSection
EndProject
Global
	GlobalSection(SolutionConfigurationPlatforms) = preSolution
		Debug|.NET = Debug|.NET
		Debug|Any CPU = Debug|Any CPU
		Debug|Mixed Platforms = Debug|Mixed Platforms
		Release|.NET = Release|.NET
		Release|Any CPU = Release|Any CPU
		Release|Mixed Platforms = Release|Mixed Platforms
	EndGlobalSection
	GlobalSection(ProjectConfigurationPlatforms) = postSolution
		{3D0872AC-6695-476A-8A0F-115AEEA1DF54}.Debug|.NET.ActiveCfg = Debug|Any CPU
		{3D0872AC-6695-476A-8A0F-115AEEA1DF54}.Debug|Any CPU.ActiveCfg = Debug|Any CPU
		{3D0872AC-6695-476A-8A0F-115AEEA1DF54}.Debug|Any CPU.Build.0 = Debug|Any CPU
		{3D0872AC-6695-476A-8A0F-115AEEA1DF54}.Debug|Mixed Platforms.ActiveCfg = Debug|Any CPU
		{3D0872AC-6695-476A-8A0F-115AEEA1DF54}.Debug|Mixed Platforms.Build.0 = Debug|Any CPU
		{3D0872AC-6695-476A-8A0F-115AEEA1DF54}.Release|.NET.ActiveCfg = Release|Any CPU
		{3D0872AC-6695-476A-8A0F-115AEEA1DF54}.Release|Any CPU.ActiveCfg = Release|Any CPU
		{3D0872AC-6695-476A-8A0F-115AEEA1DF54}.Release|Any CPU.Build.0 = Release|Any CPU
		{3D0872AC-6695-476A-8A0F-115AEEA1DF54}.Release|Mixed Platforms.ActiveCfg = Release|Any CPU
		{3D0872AC-6695-476A-8A0F-115AEEA1DF54}.Release|Mixed Platforms.Build.0 = Release|Any CPU
		{52324ED1-EB98-4F99-AA09-D3483EEF4ED1}.Debug|.NET.ActiveCfg = Debug|Any CPU
		{52324ED1-EB98-4F99-AA09-D3483EEF4ED1}.Debug|Any CPU.ActiveCfg = Debug|Any CPU
		{52324ED1-EB98-4F99-AA09-D3483EEF4ED1}.Debug|Any CPU.Build.0 = Debug|Any CPU
		{52324ED1-EB98-4F99-AA09-D3483EEF4ED1}.Debug|Mixed Platforms.ActiveCfg = Debug|Any CPU
		{52324ED1-EB98-4F99-AA09-D3483EEF4ED1}.Debug|Mixed Platforms.Build.0 = Debug|Any CPU
		{52324ED1-EB98-4F99-AA09-D3483EEF4ED1}.Release|.NET.ActiveCfg = Debug|Any CPU
		{52324ED1-EB98-4F99-AA09-D3483EEF4ED1}.Release|Any CPU.ActiveCfg = Debug|Any CPU
		{52324ED1-EB98-4F99-AA09-D3483EEF4ED1}.Release|Any CPU.Build.0 = Debug|Any CPU
		{52324ED1-EB98-4F99-AA09-D3483EEF4ED1}.Release|Mixed Platforms.ActiveCfg = Debug|Any CPU
		{52324ED1-EB98-4F99-AA09-D3483EEF4ED1}.Release|Mixed Platforms.Build.0 = Debug|Any CPU
	EndGlobalSection
	GlobalSection(SolutionProperties) = preSolution
		HideSolutionNode = FALSE
	EndGlobalSection
EndGlobal
